
Microsoft Visual Studio Solution File, Format Version 9.00
# Visual C# Express 2005
Project("{FAE04EC0-301F-11D3-BF4B-00C04F79EFBC}") = "TestSourceFinder", "TestSourceFinder.csproj", "{D3191B0F-3A2F-459C-93E3-68A8FA1A3A3C}"
EndProject
Global
	GlobalSection(SolutionConfigurationPlatforms) = preSolution
		Debug|Any CPU = Debug|Any CPU
		Release|Any CPU = Release|Any CPU
	EndGlobalSection
	GlobalSection(ProjectConfigurationPlatforms) = postSolution
		{D3191B0F-3A2F-459C-93E3-68A8FA1A3A3C}.Debug|Any CPU.ActiveCfg = Debug|Any CPU
		{D3191B0F-3A2F-459C-93E3-68A8FA1A3A3C}.Debug|Any CPU.Build.0 = Debug|Any CPU
		{D3191B0F-3A2F-459C-93E3-68A8FA1A3A3C}.Release|Any CPU.ActiveCfg = Release|Any CPU
		{D3191B0F-3A2F-459C-93E3-68A8FA1A3A3C}.Release|Any CPU.Build.0 = Release|Any CPU
	EndGlobalSection
	GlobalSection(SolutionProperties) = preSolution
		HideSolutionNode = FALSE
	EndGlobalSection
EndGlobal
