
Microsoft Visual Studio Solution File, Format Version 11.00
# Visual Studio 2010
Project("{2150E333-8FDC-42A3-9474-1A3956D46DE8}") = "Tests", "Tests", "{F1066034-B17D-4512-9065-258B79506624}"
EndProject
Project("{2150E333-8FDC-42A3-9474-1A3956D46DE8}") = "App", "App", "{BD8B331C-6CBE-40EB-8CB7-DB9A73B6EF20}"
EndProject
Project("{2150E333-8FDC-42A3-9474-1A3956D46DE8}") = "Setup", "Setup", "{8AE5BEC8-1E90-469B-86E7-31782CDF67E5}"
EndProject
Project("{2150E333-8FDC-42A3-9474-1A3956D46DE8}") = "Solution Items", "Solution Items", "{F1B30F9B-36AE-493B-95E6-30D05244264C}"
	ProjectSection(SolutionItems) = preProject
		build.proj = build.proj
		readme.txt = readme.txt
		release.txt = release.txt
	EndProjectSection
EndProject
Project("{FAE04EC0-301F-11D3-BF4B-00C04F79EFBC}") = "NArrange.Tests.ConsoleApplication", "NArrange.Tests.ConsoleApplication\NArrange.Tests.ConsoleApplication.csproj", "{DBBF9749-FE77-4DB2-ABA3-1A3967755830}"
EndProject
Project("{FAE04EC0-301F-11D3-BF4B-00C04F79EFBC}") = "NArrange.Tests.Core", "NArrange.Tests.Core\NArrange.Tests.Core.csproj", "{5053E13A-3D0C-444F-9B39-EFE32076FB50}"
EndProject
Project("{FAE04EC0-301F-11D3-BF4B-00C04F79EFBC}") = "NArrange.Tests.CSharp", "NArrange.Tests.CSharp\NArrange.Tests.CSharp.csproj", "{0CCE9662-73A4-4F8D-9630-3EF1EBAEE287}"
EndProject
Project("{FAE04EC0-301F-11D3-BF4B-00C04F79EFBC}") = "NArrange.Tests.Gui", "NArrange.Tests.Gui\NArrange.Tests.Gui.csproj", "{8A0E87D8-2AC5-45CC-8E95-4DC00C2B4236}"
EndProject
Project("{FAE04EC0-301F-11D3-BF4B-00C04F79EFBC}") = "NArrange.Tests.VisualBasic", "NArrange.Tests.VisualBasic\NArrange.Tests.VisualBasic.csproj", "{74B05062-C4FD-4B46-92B6-03DEC867A59B}"
EndProject
Project("{FAE04EC0-301F-11D3-BF4B-00C04F79EFBC}") = "NArrange.ConsoleApplication", "NArrange.Console\NArrange.ConsoleApplication.csproj", "{78E67A66-D3C9-4916-86D3-3CBC579E7332}"
	ProjectSection(ProjectDependencies) = postProject
		{C4771371-41DD-476F-B107-DF60C4594813} = {C4771371-41DD-476F-B107-DF60C4594813}
	EndProjectSection
EndProject
Project("{FAE04EC0-301F-11D3-BF4B-00C04F79EFBC}") = "NArrange.Core", "NArrange.Core\NArrange.Core.csproj", "{CD74EA33-223D-4CD9-9028-AADD4E929613}"
EndProject
Project("{FAE04EC0-301F-11D3-BF4B-00C04F79EFBC}") = "NArrange.CSharp", "NArrange.CSharp\NArrange.CSharp.csproj", "{C4771371-41DD-476F-B107-DF60C4594813}"
EndProject
Project("{FAE04EC0-301F-11D3-BF4B-00C04F79EFBC}") = "NArrange.Gui", "NArrange.Gui\NArrange.Gui.csproj", "{844ED8A9-82B0-4C71-A6D5-1F7192FA8A66}"
EndProject
Project("{FAE04EC0-301F-11D3-BF4B-00C04F79EFBC}") = "NArrange.GuiConfig", "NArrange.GuiConfig\NArrange.GuiConfig.csproj", "{63CD7C78-1D31-4FB8-A4AD-25944AE238A5}"
EndProject
Project("{FAE04EC0-301F-11D3-BF4B-00C04F79EFBC}") = "NArrange.SourceTester", "NArrange.SourceTester\NArrange.SourceTester.csproj", "{08E45819-C9EF-46D3-884E-FF0B471C6766}"
EndProject
Project("{FAE04EC0-301F-11D3-BF4B-00C04F79EFBC}") = "NArrange.TestSourceFinder", "NArrange.TestSourceFinder\NArrange.TestSourceFinder.csproj", "{D3191B0F-3A2F-459C-93E3-68A8FA1A3A3C}"
EndProject
Project("{FAE04EC0-301F-11D3-BF4B-00C04F79EFBC}") = "NArrange.VisualBasic", "NArrange.VisualBasic\NArrange.VisualBasic.csproj", "{33A733CE-7BDD-42D6-ADE6-77B82226F965}"
EndProject
Project("{930C7802-8A8C-48F9-8165-68863BCCD9DD}") = "NArrange.Setup", "NArrange.Setup\NArrange.Setup.wixproj", "{40DBA0DD-5E29-46F6-961B-AD8AFB5B9AC7}"
EndProject
Global
	GlobalSection(SolutionConfigurationPlatforms) = preSolution
		Debug|Any CPU = Debug|Any CPU
		Debug|x86 = Debug|x86
		Release|Any CPU = Release|Any CPU
		Release|x86 = Release|x86
	EndGlobalSection
	GlobalSection(ProjectConfigurationPlatforms) = postSolution
		{DBBF9749-FE77-4DB2-ABA3-1A3967755830}.Debug|Any CPU.ActiveCfg = Debug|Any CPU
		{DBBF9749-FE77-4DB2-ABA3-1A3967755830}.Debug|Any CPU.Build.0 = Debug|Any CPU
		{DBBF9749-FE77-4DB2-ABA3-1A3967755830}.Debug|x86.ActiveCfg = Debug|x86
		{DBBF9749-FE77-4DB2-ABA3-1A3967755830}.Debug|x86.Build.0 = Debug|x86
		{DBBF9749-FE77-4DB2-ABA3-1A3967755830}.Release|Any CPU.ActiveCfg = Release|Any CPU
		{DBBF9749-FE77-4DB2-ABA3-1A3967755830}.Release|Any CPU.Build.0 = Release|Any CPU
		{DBBF9749-FE77-4DB2-ABA3-1A3967755830}.Release|x86.ActiveCfg = Release|x86
		{DBBF9749-FE77-4DB2-ABA3-1A3967755830}.Release|x86.Build.0 = Release|x86
		{5053E13A-3D0C-444F-9B39-EFE32076FB50}.Debug|Any CPU.ActiveCfg = Debug|Any CPU
		{5053E13A-3D0C-444F-9B39-EFE32076FB50}.Debug|Any CPU.Build.0 = Debug|Any CPU
		{5053E13A-3D0C-444F-9B39-EFE32076FB50}.Debug|x86.ActiveCfg = Debug|x86
		{5053E13A-3D0C-444F-9B39-EFE32076FB50}.Debug|x86.Build.0 = Debug|x86
		{5053E13A-3D0C-444F-9B39-EFE32076FB50}.Release|Any CPU.ActiveCfg = Release|Any CPU
		{5053E13A-3D0C-444F-9B39-EFE32076FB50}.Release|Any CPU.Build.0 = Release|Any CPU
		{5053E13A-3D0C-444F-9B39-EFE32076FB50}.Release|x86.ActiveCfg = Release|x86
		{5053E13A-3D0C-444F-9B39-EFE32076FB50}.Release|x86.Build.0 = Release|x86
		{0CCE9662-73A4-4F8D-9630-3EF1EBAEE287}.Debug|Any CPU.ActiveCfg = Debug|Any CPU
		{0CCE9662-73A4-4F8D-9630-3EF1EBAEE287}.Debug|Any CPU.Build.0 = Debug|Any CPU
		{0CCE9662-73A4-4F8D-9630-3EF1EBAEE287}.Debug|x86.ActiveCfg = Debug|x86
		{0CCE9662-73A4-4F8D-9630-3EF1EBAEE287}.Debug|x86.Build.0 = Debug|x86
		{0CCE9662-73A4-4F8D-9630-3EF1EBAEE287}.Release|Any CPU.ActiveCfg = Release|Any CPU
		{0CCE9662-73A4-4F8D-9630-3EF1EBAEE287}.Release|Any CPU.Build.0 = Release|Any CPU
		{0CCE9662-73A4-4F8D-9630-3EF1EBAEE287}.Release|x86.ActiveCfg = Release|x86
		{0CCE9662-73A4-4F8D-9630-3EF1EBAEE287}.Release|x86.Build.0 = Release|x86
		{8A0E87D8-2AC5-45CC-8E95-4DC00C2B4236}.Debug|Any CPU.ActiveCfg = Debug|Any CPU
		{8A0E87D8-2AC5-45CC-8E95-4DC00C2B4236}.Debug|Any CPU.Build.0 = Debug|Any CPU
		{8A0E87D8-2AC5-45CC-8E95-4DC00C2B4236}.Debug|x86.ActiveCfg = Debug|x86
		{8A0E87D8-2AC5-45CC-8E95-4DC00C2B4236}.Debug|x86.Build.0 = Debug|x86
		{8A0E87D8-2AC5-45CC-8E95-4DC00C2B4236}.Release|Any CPU.ActiveCfg = Release|Any CPU
		{8A0E87D8-2AC5-45CC-8E95-4DC00C2B4236}.Release|Any CPU.Build.0 = Release|Any CPU
		{8A0E87D8-2AC5-45CC-8E95-4DC00C2B4236}.Release|x86.ActiveCfg = Release|x86
		{8A0E87D8-2AC5-45CC-8E95-4DC00C2B4236}.Release|x86.Build.0 = Release|x86
		{74B05062-C4FD-4B46-92B6-03DEC867A59B}.Debug|Any CPU.ActiveCfg = Debug|Any CPU
		{74B05062-C4FD-4B46-92B6-03DEC867A59B}.Debug|Any CPU.Build.0 = Debug|Any CPU
		{74B05062-C4FD-4B46-92B6-03DEC867A59B}.Debug|x86.ActiveCfg = Debug|x86
		{74B05062-C4FD-4B46-92B6-03DEC867A59B}.Debug|x86.Build.0 = Debug|x86
		{74B05062-C4FD-4B46-92B6-03DEC867A59B}.Release|Any CPU.ActiveCfg = Release|Any CPU
		{74B05062-C4FD-4B46-92B6-03DEC867A59B}.Release|Any CPU.Build.0 = Release|Any CPU
		{74B05062-C4FD-4B46-92B6-03DEC867A59B}.Release|x86.ActiveCfg = Release|x86
		{74B05062-C4FD-4B46-92B6-03DEC867A59B}.Release|x86.Build.0 = Release|x86
		{78E67A66-D3C9-4916-86D3-3CBC579E7332}.Debug|Any CPU.ActiveCfg = Debug|Any CPU
		{78E67A66-D3C9-4916-86D3-3CBC579E7332}.Debug|Any CPU.Build.0 = Debug|Any CPU
		{78E67A66-D3C9-4916-86D3-3CBC579E7332}.Debug|x86.ActiveCfg = Debug|x86
		{78E67A66-D3C9-4916-86D3-3CBC579E7332}.Debug|x86.Build.0 = Debug|x86
		{78E67A66-D3C9-4916-86D3-3CBC579E7332}.Release|Any CPU.ActiveCfg = Release|Any CPU
		{78E67A66-D3C9-4916-86D3-3CBC579E7332}.Release|Any CPU.Build.0 = Release|Any CPU
		{78E67A66-D3C9-4916-86D3-3CBC579E7332}.Release|x86.ActiveCfg = Release|x86
		{78E67A66-D3C9-4916-86D3-3CBC579E7332}.Release|x86.Build.0 = Release|x86
		{CD74EA33-223D-4CD9-9028-AADD4E929613}.Debug|Any CPU.ActiveCfg = Debug|Any CPU
		{CD74EA33-223D-4CD9-9028-AADD4E929613}.Debug|Any CPU.Build.0 = Debug|Any CPU
		{CD74EA33-223D-4CD9-9028-AADD4E929613}.Debug|x86.ActiveCfg = Debug|x86
		{CD74EA33-223D-4CD9-9028-AADD4E929613}.Debug|x86.Build.0 = Debug|x86
		{CD74EA33-223D-4CD9-9028-AADD4E929613}.Release|Any CPU.ActiveCfg = Release|Any CPU
		{CD74EA33-223D-4CD9-9028-AADD4E929613}.Release|Any CPU.Build.0 = Release|Any CPU
		{CD74EA33-223D-4CD9-9028-AADD4E929613}.Release|x86.ActiveCfg = Release|x86
		{CD74EA33-223D-4CD9-9028-AADD4E929613}.Release|x86.Build.0 = Release|x86
		{C4771371-41DD-476F-B107-DF60C4594813}.Debug|Any CPU.ActiveCfg = Debug|Any CPU
		{C4771371-41DD-476F-B107-DF60C4594813}.Debug|Any CPU.Build.0 = Debug|Any CPU
		{C4771371-41DD-476F-B107-DF60C4594813}.Debug|x86.ActiveCfg = Debug|x86
		{C4771371-41DD-476F-B107-DF60C4594813}.Debug|x86.Build.0 = Debug|x86
		{C4771371-41DD-476F-B107-DF60C4594813}.Release|Any CPU.ActiveCfg = Release|Any CPU
		{C4771371-41DD-476F-B107-DF60C4594813}.Release|Any CPU.Build.0 = Release|Any CPU
		{C4771371-41DD-476F-B107-DF60C4594813}.Release|x86.ActiveCfg = Release|x86
		{C4771371-41DD-476F-B107-DF60C4594813}.Release|x86.Build.0 = Release|x86
		{844ED8A9-82B0-4C71-A6D5-1F7192FA8A66}.Debug|Any CPU.ActiveCfg = Debug|Any CPU
		{844ED8A9-82B0-4C71-A6D5-1F7192FA8A66}.Debug|Any CPU.Build.0 = Debug|Any CPU
		{844ED8A9-82B0-4C71-A6D5-1F7192FA8A66}.Debug|x86.ActiveCfg = Debug|x86
		{844ED8A9-82B0-4C71-A6D5-1F7192FA8A66}.Debug|x86.Build.0 = Debug|x86
		{844ED8A9-82B0-4C71-A6D5-1F7192FA8A66}.Release|Any CPU.ActiveCfg = Release|Any CPU
		{844ED8A9-82B0-4C71-A6D5-1F7192FA8A66}.Release|Any CPU.Build.0 = Release|Any CPU
		{844ED8A9-82B0-4C71-A6D5-1F7192FA8A66}.Release|x86.ActiveCfg = Release|x86
		{844ED8A9-82B0-4C71-A6D5-1F7192FA8A66}.Release|x86.Build.0 = Release|x86
		{63CD7C78-1D31-4FB8-A4AD-25944AE238A5}.Debug|Any CPU.ActiveCfg = Debug|Any CPU
		{63CD7C78-1D31-4FB8-A4AD-25944AE238A5}.Debug|Any CPU.Build.0 = Debug|Any CPU
		{63CD7C78-1D31-4FB8-A4AD-25944AE238A5}.Debug|x86.ActiveCfg = Debug|x86
		{63CD7C78-1D31-4FB8-A4AD-25944AE238A5}.Debug|x86.Build.0 = Debug|x86
		{63CD7C78-1D31-4FB8-A4AD-25944AE238A5}.Release|Any CPU.ActiveCfg = Release|Any CPU
		{63CD7C78-1D31-4FB8-A4AD-25944AE238A5}.Release|Any CPU.Build.0 = Release|Any CPU
		{63CD7C78-1D31-4FB8-A4AD-25944AE238A5}.Release|x86.ActiveCfg = Release|x86
		{63CD7C78-1D31-4FB8-A4AD-25944AE238A5}.Release|x86.Build.0 = Release|x86
		{08E45819-C9EF-46D3-884E-FF0B471C6766}.Debug|Any CPU.ActiveCfg = Debug|Any CPU
		{08E45819-C9EF-46D3-884E-FF0B471C6766}.Debug|Any CPU.Build.0 = Debug|Any CPU
		{08E45819-C9EF-46D3-884E-FF0B471C6766}.Debug|x86.ActiveCfg = Debug|x86
		{08E45819-C9EF-46D3-884E-FF0B471C6766}.Debug|x86.Build.0 = Debug|x86
		{08E45819-C9EF-46D3-884E-FF0B471C6766}.Release|Any CPU.ActiveCfg = Release|Any CPU
		{08E45819-C9EF-46D3-884E-FF0B471C6766}.Release|Any CPU.Build.0 = Release|Any CPU
		{08E45819-C9EF-46D3-884E-FF0B471C6766}.Release|x86.ActiveCfg = Release|x86
		{08E45819-C9EF-46D3-884E-FF0B471C6766}.Release|x86.Build.0 = Release|x86
		{D3191B0F-3A2F-459C-93E3-68A8FA1A3A3C}.Debug|Any CPU.ActiveCfg = Debug|Any CPU
		{D3191B0F-3A2F-459C-93E3-68A8FA1A3A3C}.Debug|Any CPU.Build.0 = Debug|Any CPU
		{D3191B0F-3A2F-459C-93E3-68A8FA1A3A3C}.Debug|x86.ActiveCfg = Debug|x86
		{D3191B0F-3A2F-459C-93E3-68A8FA1A3A3C}.Debug|x86.Build.0 = Debug|x86
		{D3191B0F-3A2F-459C-93E3-68A8FA1A3A3C}.Release|Any CPU.ActiveCfg = Release|Any CPU
		{D3191B0F-3A2F-459C-93E3-68A8FA1A3A3C}.Release|Any CPU.Build.0 = Release|Any CPU
		{D3191B0F-3A2F-459C-93E3-68A8FA1A3A3C}.Release|x86.ActiveCfg = Release|x86
		{D3191B0F-3A2F-459C-93E3-68A8FA1A3A3C}.Release|x86.Build.0 = Release|x86
		{33A733CE-7BDD-42D6-ADE6-77B82226F965}.Debug|Any CPU.ActiveCfg = Debug|Any CPU
		{33A733CE-7BDD-42D6-ADE6-77B82226F965}.Debug|Any CPU.Build.0 = Debug|Any CPU
		{33A733CE-7BDD-42D6-ADE6-77B82226F965}.Debug|x86.ActiveCfg = Debug|x86
		{33A733CE-7BDD-42D6-ADE6-77B82226F965}.Debug|x86.Build.0 = Debug|x86
		{33A733CE-7BDD-42D6-ADE6-77B82226F965}.Release|Any CPU.ActiveCfg = Release|Any CPU
		{33A733CE-7BDD-42D6-ADE6-77B82226F965}.Release|Any CPU.Build.0 = Release|Any CPU
		{33A733CE-7BDD-42D6-ADE6-77B82226F965}.Release|x86.ActiveCfg = Release|x86
		{33A733CE-7BDD-42D6-ADE6-77B82226F965}.Release|x86.Build.0 = Release|x86
		{40DBA0DD-5E29-46F6-961B-AD8AFB5B9AC7}.Debug|Any CPU.ActiveCfg = Debug|x86
		{40DBA0DD-5E29-46F6-961B-AD8AFB5B9AC7}.Debug|x86.ActiveCfg = Debug|x86
		{40DBA0DD-5E29-46F6-961B-AD8AFB5B9AC7}.Release|Any CPU.ActiveCfg = Release|x86
		{40DBA0DD-5E29-46F6-961B-AD8AFB5B9AC7}.Release|x86.ActiveCfg = Release|x86
	EndGlobalSection
	GlobalSection(SolutionProperties) = preSolution
		HideSolutionNode = FALSE
	EndGlobalSection
	GlobalSection(NestedProjects) = preSolution
		{DBBF9749-FE77-4DB2-ABA3-1A3967755830} = {F1066034-B17D-4512-9065-258B79506624}
		{5053E13A-3D0C-444F-9B39-EFE32076FB50} = {F1066034-B17D-4512-9065-258B79506624}
		{0CCE9662-73A4-4F8D-9630-3EF1EBAEE287} = {F1066034-B17D-4512-9065-258B79506624}
		{8A0E87D8-2AC5-45CC-8E95-4DC00C2B4236} = {F1066034-B17D-4512-9065-258B79506624}
		{74B05062-C4FD-4B46-92B6-03DEC867A59B} = {F1066034-B17D-4512-9065-258B79506624}
		{08E45819-C9EF-46D3-884E-FF0B471C6766} = {F1066034-B17D-4512-9065-258B79506624}
		{D3191B0F-3A2F-459C-93E3-68A8FA1A3A3C} = {F1066034-B17D-4512-9065-258B79506624}
		{78E67A66-D3C9-4916-86D3-3CBC579E7332} = {BD8B331C-6CBE-40EB-8CB7-DB9A73B6EF20}
		{CD74EA33-223D-4CD9-9028-AADD4E929613} = {BD8B331C-6CBE-40EB-8CB7-DB9A73B6EF20}
		{C4771371-41DD-476F-B107-DF60C4594813} = {BD8B331C-6CBE-40EB-8CB7-DB9A73B6EF20}
		{844ED8A9-82B0-4C71-A6D5-1F7192FA8A66} = {BD8B331C-6CBE-40EB-8CB7-DB9A73B6EF20}
		{63CD7C78-1D31-4FB8-A4AD-25944AE238A5} = {BD8B331C-6CBE-40EB-8CB7-DB9A73B6EF20}
		{33A733CE-7BDD-42D6-ADE6-77B82226F965} = {BD8B331C-6CBE-40EB-8CB7-DB9A73B6EF20}
		{40DBA0DD-5E29-46F6-961B-AD8AFB5B9AC7} = {8AE5BEC8-1E90-469B-86E7-31782CDF67E5}
	EndGlobalSection
EndGlobal
